
Microsoft Visual Studio Solution File, Format Version 12.00
# Visual Studio Version 17
VisualStudioVersion = 17.5.33516.290
MinimumVisualStudioVersion = 10.0.40219.1
Project("{9A19103F-16F7-4668-BE54-9A1E7A4F7556}") = "Lyricify.Lyrics.Helper", "Lyricify.Lyrics.Helper\Lyricify.Lyrics.Helper.csproj", "{746AD7F2-C4F5-48D1-B077-6DD4E6568B39}"
EndProject
Project("{FAE04EC0-301F-11D3-BF4B-00C04F79EFBC}") = "Lyricify.Lyrics.Demo", "Lyricify.Lyrics.Demo\Lyricify.Lyrics.Demo.csproj", "{BE7F184B-5228-4669-A4FB-2BA3B20C1744}"
EndProject
Global
	GlobalSection(SolutionConfigurationPlatforms) = preSolution
		Debug|Any CPU = Debug|Any CPU
		Release|Any CPU = Release|Any CPU
	EndGlobalSection
	GlobalSection(ProjectConfigurationPlatforms) = postSolution
		{746AD7F2-C4F5-48D1-B077-6DD4E6568B39}.Debug|Any CPU.ActiveCfg = Debug|Any CPU
		{746AD7F2-C4F5-48D1-B077-6DD4E6568B39}.Debug|Any CPU.Build.0 = Debug|Any CPU
		{746AD7F2-C4F5-48D1-B077-6DD4E6568B39}.Release|Any CPU.ActiveCfg = Release|Any CPU
		{746AD7F2-C4F5-48D1-B077-6DD4E6568B39}.Release|Any CPU.Build.0 = Release|Any CPU
		{BE7F184B-5228-4669-A4FB-2BA3B20C1744}.Debug|Any CPU.ActiveCfg = Debug|Any CPU
		{BE7F184B-5228-4669-A4FB-2BA3B20C1744}.Debug|Any CPU.Build.0 = Debug|Any CPU
		{BE7F184B-5228-4669-A4FB-2BA3B20C1744}.Release|Any CPU.ActiveCfg = Release|Any CPU
		{BE7F184B-5228-4669-A4FB-2BA3B20C1744}.Release|Any CPU.Build.0 = Release|Any CPU
	EndGlobalSection
	GlobalSection(SolutionProperties) = preSolution
		HideSolutionNode = FALSE
	EndGlobalSection
	GlobalSection(ExtensibilityGlobals) = postSolution
		SolutionGuid = {19B924E3-FFBF-4514-B4C0-F50EBF136B4A}
	EndGlobalSection
EndGlobal
